// !$*UTF8*$!
{
	archiveVersion = 1;
	classes = {
	};
	objectVersion = 50;
	objects = {

/* Begin PBXBuildFile section */
		7A91E249080009E642187C84 /* Pods_Mikro_Trainer.framework in Frameworks */ = {isa = PBXBuildFile; fileRef = DD4EB3D46200BBE2577E4B37 /* Pods_Mikro_Trainer.framework */; };
		B29C2BF1015358BE6DAAC1B9 /* Pods_Mikro_TrainerTests.framework in Frameworks */ = {isa = PBXBuildFile; fileRef = BED797138B6FB6266593896F /* Pods_Mikro_TrainerTests.framework */; };
		D2A2C50C2299DB45CDEFB0C9 /* Pods_Mikro_TrainerUITests.framework in Frameworks */ = {isa = PBXBuildFile; fileRef = 658FE0577D5C74304F75FF32 /* Pods_Mikro_TrainerUITests.framework */; };
		F017D05921509E4A00F9BFB7 /* SettingsVC.swift in Sources */ = {isa = PBXBuildFile; fileRef = F017D05821509E4A00F9BFB7 /* SettingsVC.swift */; };
		F020637620AB577E00CAE33F /* LoginVC.swift in Sources */ = {isa = PBXBuildFile; fileRef = F020637520AB577E00CAE33F /* LoginVC.swift */; };
		F020637920AB5CA500CAE33F /* NewAccountVC.swift in Sources */ = {isa = PBXBuildFile; fileRef = F020637820AB5CA500CAE33F /* NewAccountVC.swift */; };
		F020637C20AB788300CAE33F /* PersonalInfoVC.swift in Sources */ = {isa = PBXBuildFile; fileRef = F020637B20AB788300CAE33F /* PersonalInfoVC.swift */; };
		F046A25221D4957C00CFE76F /* CalendarHomeVC.swift in Sources */ = {isa = PBXBuildFile; fileRef = F046A25121D4957C00CFE76F /* CalendarHomeVC.swift */; };
		F046A25521D4982B00CFE76F /* DashHomeVC.swift in Sources */ = {isa = PBXBuildFile; fileRef = F046A25421D4982B00CFE76F /* DashHomeVC.swift */; };
		F046A25821D49A9000CFE76F /* HealthKit.framework in Frameworks */ = {isa = PBXBuildFile; fileRef = F046A25721D49A9000CFE76F /* HealthKit.framework */; };
		F0535CCB20E069BB0016DC81 /* WorkoutExercisesVC.swift in Sources */ = {isa = PBXBuildFile; fileRef = F0535CCA20E069BB0016DC81 /* WorkoutExercisesVC.swift */; };
		F0535CD120E0719C0016DC81 /* UItableView+GetWorkouts.swift in Sources */ = {isa = PBXBuildFile; fileRef = F0535CD020E0719C0016DC81 /* UItableView+GetWorkouts.swift */; };
		F0535CD420E082DE0016DC81 /* UItableView+GetWorkoutExercises.swift in Sources */ = {isa = PBXBuildFile; fileRef = F0535CD320E082DE0016DC81 /* UItableView+GetWorkoutExercises.swift */; };
		F0535CD620E084460016DC81 /* WorkoutExercisesCell.swift in Sources */ = {isa = PBXBuildFile; fileRef = F0535CD520E084460016DC81 /* WorkoutExercisesCell.swift */; };
		F06403B820CDAE6000A7FE72 /* MyWorkoutsVC.swift in Sources */ = {isa = PBXBuildFile; fileRef = F06403B720CDAE6000A7FE72 /* MyWorkoutsVC.swift */; };
		F06403BC20CDB2C000A7FE72 /* MyPreviousWorkoutsCell.swift in Sources */ = {isa = PBXBuildFile; fileRef = F06403BB20CDB2C000A7FE72 /* MyPreviousWorkoutsCell.swift */; };
		F0917E1C20BBB54900641C04 /* AllExercisesTableViewCell.swift in Sources */ = {isa = PBXBuildFile; fileRef = F0917E1B20BBB54900641C04 /* AllExercisesTableViewCell.swift */; };
		F094BEC220AC8DA100D158AA /* AddExcerciseVC.swift in Sources */ = {isa = PBXBuildFile; fileRef = F094BEC120AC8DA100D158AA /* AddExcerciseVC.swift */; };
		F094BEC420AE0B3200D158AA /* AllExercisesVC.swift in Sources */ = {isa = PBXBuildFile; fileRef = F094BEC320AE0B3200D158AA /* AllExercisesVC.swift */; };
		F09E36DE21D5D79700954769 /* steps+distance+floors.swift in Sources */ = {isa = PBXBuildFile; fileRef = F09E36DD21D5D79700954769 /* steps+distance+floors.swift */; };
		F0A558DC20FB92E0001CF59A /* ExerciseInfo+MyExerciseData.swift in Sources */ = {isa = PBXBuildFile; fileRef = F0A558DB20FB92E0001CF59A /* ExerciseInfo+MyExerciseData.swift */; };
		F0A558DE20FB9C89001CF59A /* WIPExerciseCell.swift in Sources */ = {isa = PBXBuildFile; fileRef = F0A558DD20FB9C89001CF59A /* WIPExerciseCell.swift */; };
		F0A558E0210E5A3C001CF59A /* +GetRecentExerciseInfo.swift in Sources */ = {isa = PBXBuildFile; fileRef = F0A558DF210E5A3C001CF59A /* +GetRecentExerciseInfo.swift */; };
		F0AC128420E1BE3F00E0B57B /* UITable+GetList+GetAllList.swift in Sources */ = {isa = PBXBuildFile; fileRef = F0AC128320E1BE3F00E0B57B /* UITable+GetList+GetAllList.swift */; };
		F0B3D2C121D042080038D005 /* +getExerciseData.swift in Sources */ = {isa = PBXBuildFile; fileRef = F0B3D2C021D042080038D005 /* +getExerciseData.swift */; };
		F0CBB7C020AB4D23001643C4 /* AppDelegate.swift in Sources */ = {isa = PBXBuildFile; fileRef = F0CBB7BF20AB4D23001643C4 /* AppDelegate.swift */; };
		F0CBB7C220AB4D23001643C4 /* MainMenu.swift in Sources */ = {isa = PBXBuildFile; fileRef = F0CBB7C120AB4D23001643C4 /* MainMenu.swift */; };
		F0CBB7C520AB4D23001643C4 /* Main.storyboard in Resources */ = {isa = PBXBuildFile; fileRef = F0CBB7C320AB4D23001643C4 /* Main.storyboard */; };
		F0CBB7C720AB4D24001643C4 /* Assets.xcassets in Resources */ = {isa = PBXBuildFile; fileRef = F0CBB7C620AB4D24001643C4 /* Assets.xcassets */; };
		F0CBB7CA20AB4D24001643C4 /* LaunchScreen.storyboard in Resources */ = {isa = PBXBuildFile; fileRef = F0CBB7C820AB4D24001643C4 /* LaunchScreen.storyboard */; };
		F0CBB7D520AB4D25001643C4 /* Mikro_TrainerTests.swift in Sources */ = {isa = PBXBuildFile; fileRef = F0CBB7D420AB4D25001643C4 /* Mikro_TrainerTests.swift */; };
		F0CBB7E020AB4D25001643C4 /* Mikro_TrainerUITests.swift in Sources */ = {isa = PBXBuildFile; fileRef = F0CBB7DF20AB4D25001643C4 /* Mikro_TrainerUITests.swift */; };
		F0CBB7EE20AB518D001643C4 /* GoogleService-Info.plist in Resources */ = {isa = PBXBuildFile; fileRef = F0CBB7ED20AB518D001643C4 /* GoogleService-Info.plist */; };
		F0D0416020F1AB0F00465505 /* CurrentExerciseVC.swift in Sources */ = {isa = PBXBuildFile; fileRef = F0D0415F20F1AB0F00465505 /* CurrentExerciseVC.swift */; };
		F0F0C71F2127437100113F66 /* DetailsVC.swift in Sources */ = {isa = PBXBuildFile; fileRef = F0F0C71E2127437100113F66 /* DetailsVC.swift */; };
/* End PBXBuildFile section */

/* Begin PBXContainerItemProxy section */
		F0CBB7D120AB4D25001643C4 /* PBXContainerItemProxy */ = {
			isa = PBXContainerItemProxy;
			containerPortal = F0CBB7B420AB4D23001643C4 /* Project object */;
			proxyType = 1;
			remoteGlobalIDString = F0CBB7BB20AB4D23001643C4;
			remoteInfo = "Mikro Trainer";
		};
		F0CBB7DC20AB4D25001643C4 /* PBXContainerItemProxy */ = {
			isa = PBXContainerItemProxy;
			containerPortal = F0CBB7B420AB4D23001643C4 /* Project object */;
			proxyType = 1;
			remoteGlobalIDString = F0CBB7BB20AB4D23001643C4;
			remoteInfo = "Mikro Trainer";
		};
/* End PBXContainerItemProxy section */

/* Begin PBXFileReference section */
		658FE0577D5C74304F75FF32 /* Pods_Mikro_TrainerUITests.framework */ = {isa = PBXFileReference; explicitFileType = wrapper.framework; includeInIndex = 0; path = Pods_Mikro_TrainerUITests.framework; sourceTree = BUILT_PRODUCTS_DIR; };
		665B96D1C722642D9CDF71AF /* Pods-Mikro TrainerTests.debug.xcconfig */ = {isa = PBXFileReference; includeInIndex = 1; lastKnownFileType = text.xcconfig; name = "Pods-Mikro TrainerTests.debug.xcconfig"; path = "Pods/Target Support Files/Pods-Mikro TrainerTests/Pods-Mikro TrainerTests.debug.xcconfig"; sourceTree = "<group>"; };
		77039746B47DB09FC245D049 /* Pods-Mikro TrainerUITests.debug.xcconfig */ = {isa = PBXFileReference; includeInIndex = 1; lastKnownFileType = text.xcconfig; name = "Pods-Mikro TrainerUITests.debug.xcconfig"; path = "Pods/Target Support Files/Pods-Mikro TrainerUITests/Pods-Mikro TrainerUITests.debug.xcconfig"; sourceTree = "<group>"; };
		A7033F3AE8C7F54162E2223F /* Pods-Mikro Trainer.release.xcconfig */ = {isa = PBXFileReference; includeInIndex = 1; lastKnownFileType = text.xcconfig; name = "Pods-Mikro Trainer.release.xcconfig"; path = "Pods/Target Support Files/Pods-Mikro Trainer/Pods-Mikro Trainer.release.xcconfig"; sourceTree = "<group>"; };
		BED797138B6FB6266593896F /* Pods_Mikro_TrainerTests.framework */ = {isa = PBXFileReference; explicitFileType = wrapper.framework; includeInIndex = 0; path = Pods_Mikro_TrainerTests.framework; sourceTree = BUILT_PRODUCTS_DIR; };
		CB8C07DB66FCE62D01C3B07A /* Pods-Mikro TrainerUITests.release.xcconfig */ = {isa = PBXFileReference; includeInIndex = 1; lastKnownFileType = text.xcconfig; name = "Pods-Mikro TrainerUITests.release.xcconfig"; path = "Pods/Target Support Files/Pods-Mikro TrainerUITests/Pods-Mikro TrainerUITests.release.xcconfig"; sourceTree = "<group>"; };
		D8572D3515E232241A16A885 /* Pods-Mikro Trainer.debug.xcconfig */ = {isa = PBXFileReference; includeInIndex = 1; lastKnownFileType = text.xcconfig; name = "Pods-Mikro Trainer.debug.xcconfig"; path = "Pods/Target Support Files/Pods-Mikro Trainer/Pods-Mikro Trainer.debug.xcconfig"; sourceTree = "<group>"; };
		DD4EB3D46200BBE2577E4B37 /* Pods_Mikro_Trainer.framework */ = {isa = PBXFileReference; explicitFileType = wrapper.framework; includeInIndex = 0; path = Pods_Mikro_Trainer.framework; sourceTree = BUILT_PRODUCTS_DIR; };
		F017D05821509E4A00F9BFB7 /* SettingsVC.swift */ = {isa = PBXFileReference; lastKnownFileType = sourcecode.swift; path = SettingsVC.swift; sourceTree = "<group>"; };
		F020637520AB577E00CAE33F /* LoginVC.swift */ = {isa = PBXFileReference; lastKnownFileType = sourcecode.swift; path = LoginVC.swift; sourceTree = "<group>"; };
		F020637820AB5CA500CAE33F /* NewAccountVC.swift */ = {isa = PBXFileReference; lastKnownFileType = sourcecode.swift; path = NewAccountVC.swift; sourceTree = "<group>"; };
		F020637B20AB788300CAE33F /* PersonalInfoVC.swift */ = {isa = PBXFileReference; lastKnownFileType = sourcecode.swift; path = PersonalInfoVC.swift; sourceTree = "<group>"; };
		F046A25121D4957C00CFE76F /* CalendarHomeVC.swift */ = {isa = PBXFileReference; lastKnownFileType = sourcecode.swift; path = CalendarHomeVC.swift; sourceTree = "<group>"; };
		F046A25421D4982B00CFE76F /* DashHomeVC.swift */ = {isa = PBXFileReference; lastKnownFileType = sourcecode.swift; path = DashHomeVC.swift; sourceTree = "<group>"; };
		F046A25621D49A5A00CFE76F /* Mikro Trainer.entitlements */ = {isa = PBXFileReference; lastKnownFileType = text.plist.entitlements; path = "Mikro Trainer.entitlements"; sourceTree = "<group>"; };
		F046A25721D49A9000CFE76F /* HealthKit.framework */ = {isa = PBXFileReference; lastKnownFileType = wrapper.framework; name = HealthKit.framework; path = System/Library/Frameworks/HealthKit.framework; sourceTree = SDKROOT; };
		F0535CCA20E069BB0016DC81 /* WorkoutExercisesVC.swift */ = {isa = PBXFileReference; lastKnownFileType = sourcecode.swift; path = WorkoutExercisesVC.swift; sourceTree = "<group>"; };
		F0535CD020E0719C0016DC81 /* UItableView+GetWorkouts.swift */ = {isa = PBXFileReference; lastKnownFileType = sourcecode.swift; path = "UItableView+GetWorkouts.swift"; sourceTree = "<group>"; };
		F0535CD320E082DE0016DC81 /* UItableView+GetWorkoutExercises.swift */ = {isa = PBXFileReference; lastKnownFileType = sourcecode.swift; path = "UItableView+GetWorkoutExercises.swift"; sourceTree = "<group>"; };
		F0535CD520E084460016DC81 /* WorkoutExercisesCell.swift */ = {isa = PBXFileReference; lastKnownFileType = sourcecode.swift; path = WorkoutExercisesCell.swift; sourceTree = "<group>"; };
		F06403B720CDAE6000A7FE72 /* MyWorkoutsVC.swift */ = {isa = PBXFileReference; lastKnownFileType = sourcecode.swift; path = MyWorkoutsVC.swift; sourceTree = "<group>"; };
		F06403BB20CDB2C000A7FE72 /* MyPreviousWorkoutsCell.swift */ = {isa = PBXFileReference; lastKnownFileType = sourcecode.swift; path = MyPreviousWorkoutsCell.swift; sourceTree = "<group>"; };
		F0917E1B20BBB54900641C04 /* AllExercisesTableViewCell.swift */ = {isa = PBXFileReference; lastKnownFileType = sourcecode.swift; path = AllExercisesTableViewCell.swift; sourceTree = "<group>"; };
		F094BEC120AC8DA100D158AA /* AddExcerciseVC.swift */ = {isa = PBXFileReference; lastKnownFileType = sourcecode.swift; path = AddExcerciseVC.swift; sourceTree = "<group>"; };
		F094BEC320AE0B3200D158AA /* AllExercisesVC.swift */ = {isa = PBXFileReference; lastKnownFileType = sourcecode.swift; path = AllExercisesVC.swift; sourceTree = "<group>"; };
		F09E36DD21D5D79700954769 /* steps+distance+floors.swift */ = {isa = PBXFileReference; lastKnownFileType = sourcecode.swift; path = "steps+distance+floors.swift"; sourceTree = "<group>"; };
		F0A558DB20FB92E0001CF59A /* ExerciseInfo+MyExerciseData.swift */ = {isa = PBXFileReference; lastKnownFileType = sourcecode.swift; path = "ExerciseInfo+MyExerciseData.swift"; sourceTree = "<group>"; };
		F0A558DD20FB9C89001CF59A /* WIPExerciseCell.swift */ = {isa = PBXFileReference; lastKnownFileType = sourcecode.swift; path = WIPExerciseCell.swift; sourceTree = "<group>"; };
		F0A558DF210E5A3C001CF59A /* +GetRecentExerciseInfo.swift */ = {isa = PBXFileReference; lastKnownFileType = sourcecode.swift; path = "+GetRecentExerciseInfo.swift"; sourceTree = "<group>"; };
		F0AC128320E1BE3F00E0B57B /* UITable+GetList+GetAllList.swift */ = {isa = PBXFileReference; lastKnownFileType = sourcecode.swift; path = "UITable+GetList+GetAllList.swift"; sourceTree = "<group>"; };
		F0B3D2C021D042080038D005 /* +getExerciseData.swift */ = {isa = PBXFileReference; lastKnownFileType = sourcecode.swift; path = "+getExerciseData.swift"; sourceTree = "<group>"; };
		F0CBB7BC20AB4D23001643C4 /* Mikro Trainer.app */ = {isa = PBXFileReference; explicitFileType = wrapper.application; includeInIndex = 0; path = "Mikro Trainer.app"; sourceTree = BUILT_PRODUCTS_DIR; };
		F0CBB7BF20AB4D23001643C4 /* AppDelegate.swift */ = {isa = PBXFileReference; lastKnownFileType = sourcecode.swift; path = AppDelegate.swift; sourceTree = "<group>"; };
		F0CBB7C120AB4D23001643C4 /* MainMenu.swift */ = {isa = PBXFileReference; lastKnownFileType = sourcecode.swift; path = MainMenu.swift; sourceTree = "<group>"; };
		F0CBB7C420AB4D23001643C4 /* Base */ = {isa = PBXFileReference; lastKnownFileType = file.storyboard; name = Base; path = Base.lproj/Main.storyboard; sourceTree = "<group>"; };
		F0CBB7C620AB4D24001643C4 /* Assets.xcassets */ = {isa = PBXFileReference; lastKnownFileType = folder.assetcatalog; path = Assets.xcassets; sourceTree = "<group>"; };
		F0CBB7C920AB4D24001643C4 /* Base */ = {isa = PBXFileReference; lastKnownFileType = file.storyboard; name = Base; path = Base.lproj/LaunchScreen.storyboard; sourceTree = "<group>"; };
		F0CBB7CB20AB4D24001643C4 /* Info.plist */ = {isa = PBXFileReference; lastKnownFileType = text.plist.xml; path = Info.plist; sourceTree = "<group>"; };
		F0CBB7D020AB4D25001643C4 /* Mikro TrainerTests.xctest */ = {isa = PBXFileReference; explicitFileType = wrapper.cfbundle; includeInIndex = 0; path = "Mikro TrainerTests.xctest"; sourceTree = BUILT_PRODUCTS_DIR; };
		F0CBB7D420AB4D25001643C4 /* Mikro_TrainerTests.swift */ = {isa = PBXFileReference; lastKnownFileType = sourcecode.swift; path = Mikro_TrainerTests.swift; sourceTree = "<group>"; };
		F0CBB7D620AB4D25001643C4 /* Info.plist */ = {isa = PBXFileReference; lastKnownFileType = text.plist.xml; path = Info.plist; sourceTree = "<group>"; };
		F0CBB7DB20AB4D25001643C4 /* Mikro TrainerUITests.xctest */ = {isa = PBXFileReference; explicitFileType = wrapper.cfbundle; includeInIndex = 0; path = "Mikro TrainerUITests.xctest"; sourceTree = BUILT_PRODUCTS_DIR; };
		F0CBB7DF20AB4D25001643C4 /* Mikro_TrainerUITests.swift */ = {isa = PBXFileReference; lastKnownFileType = sourcecode.swift; path = Mikro_TrainerUITests.swift; sourceTree = "<group>"; };
		F0CBB7E120AB4D25001643C4 /* Info.plist */ = {isa = PBXFileReference; lastKnownFileType = text.plist.xml; path = Info.plist; sourceTree = "<group>"; };
		F0CBB7ED20AB518D001643C4 /* GoogleService-Info.plist */ = {isa = PBXFileReference; fileEncoding = 4; lastKnownFileType = text.plist.xml; path = "GoogleService-Info.plist"; sourceTree = "<group>"; };
		F0D0415F20F1AB0F00465505 /* CurrentExerciseVC.swift */ = {isa = PBXFileReference; lastKnownFileType = sourcecode.swift; path = CurrentExerciseVC.swift; sourceTree = "<group>"; };
		F0F0C71E2127437100113F66 /* DetailsVC.swift */ = {isa = PBXFileReference; lastKnownFileType = sourcecode.swift; path = DetailsVC.swift; sourceTree = "<group>"; };
		F311AAAF5B1F8EEC51DD0985 /* Pods-Mikro TrainerTests.release.xcconfig */ = {isa = PBXFileReference; includeInIndex = 1; lastKnownFileType = text.xcconfig; name = "Pods-Mikro TrainerTests.release.xcconfig"; path = "Pods/Target Support Files/Pods-Mikro TrainerTests/Pods-Mikro TrainerTests.release.xcconfig"; sourceTree = "<group>"; };
/* End PBXFileReference section */

/* Begin PBXFrameworksBuildPhase section */
		F0CBB7B920AB4D23001643C4 /* Frameworks */ = {
			isa = PBXFrameworksBuildPhase;
			buildActionMask = 2147483647;
			files = (
				7A91E249080009E642187C84 /* Pods_Mikro_Trainer.framework in Frameworks */,
				F046A25821D49A9000CFE76F /* HealthKit.framework in Frameworks */,
			);
			runOnlyForDeploymentPostprocessing = 0;
		};
		F0CBB7CD20AB4D25001643C4 /* Frameworks */ = {
			isa = PBXFrameworksBuildPhase;
			buildActionMask = 2147483647;
			files = (
				B29C2BF1015358BE6DAAC1B9 /* Pods_Mikro_TrainerTests.framework in Frameworks */,
			);
			runOnlyForDeploymentPostprocessing = 0;
		};
		F0CBB7D820AB4D25001643C4 /* Frameworks */ = {
			isa = PBXFrameworksBuildPhase;
			buildActionMask = 2147483647;
			files = (
				D2A2C50C2299DB45CDEFB0C9 /* Pods_Mikro_TrainerUITests.framework in Frameworks */,
			);
			runOnlyForDeploymentPostprocessing = 0;
		};
/* End PBXFrameworksBuildPhase section */

/* Begin PBXGroup section */
		8A131D16CAF9A8238A6C7033 /* Pods */ = {
			isa = PBXGroup;
			children = (
				D8572D3515E232241A16A885 /* Pods-Mikro Trainer.debug.xcconfig */,
				A7033F3AE8C7F54162E2223F /* Pods-Mikro Trainer.release.xcconfig */,
				665B96D1C722642D9CDF71AF /* Pods-Mikro TrainerTests.debug.xcconfig */,
				F311AAAF5B1F8EEC51DD0985 /* Pods-Mikro TrainerTests.release.xcconfig */,
				77039746B47DB09FC245D049 /* Pods-Mikro TrainerUITests.debug.xcconfig */,
				CB8C07DB66FCE62D01C3B07A /* Pods-Mikro TrainerUITests.release.xcconfig */,
			);
			name = Pods;
			sourceTree = "<group>";
		};
		AA33BCBDB8136F0E801652C5 /* Frameworks */ = {
			isa = PBXGroup;
			children = (
				F046A25721D49A9000CFE76F /* HealthKit.framework */,
				DD4EB3D46200BBE2577E4B37 /* Pods_Mikro_Trainer.framework */,
				BED797138B6FB6266593896F /* Pods_Mikro_TrainerTests.framework */,
				658FE0577D5C74304F75FF32 /* Pods_Mikro_TrainerUITests.framework */,
			);
			name = Frameworks;
			sourceTree = "<group>";
		};
		F020637220AB56E300CAE33F /* Login */ = {
			isa = PBXGroup;
			children = (
				F020637520AB577E00CAE33F /* LoginVC.swift */,
				F020637820AB5CA500CAE33F /* NewAccountVC.swift */,
			);
			path = Login;
			sourceTree = "<group>";
		};
		F020637720AB5C4000CAE33F /* Menu */ = {
			isa = PBXGroup;
			children = (
				F0CBB7C120AB4D23001643C4 /* MainMenu.swift */,
				F09E36DD21D5D79700954769 /* steps+distance+floors.swift */,
				F0CBB7C320AB4D23001643C4 /* Main.storyboard */,
			);
			path = Menu;
			sourceTree = "<group>";
		};
		F020637A20AB785200CAE33F /* Personal Info */ = {
			isa = PBXGroup;
			children = (
				F020637B20AB788300CAE33F /* PersonalInfoVC.swift */,
				F017D05821509E4A00F9BFB7 /* SettingsVC.swift */,
			);
			path = "Personal Info";
			sourceTree = "<group>";
		};
		F046A25021D4954500CFE76F /* Calendar */ = {
			isa = PBXGroup;
			children = (
				F046A25121D4957C00CFE76F /* CalendarHomeVC.swift */,
			);
			path = Calendar;
			sourceTree = "<group>";
		};
		F046A25321D4980200CFE76F /* Dashboard */ = {
			isa = PBXGroup;
			children = (
				F046A25421D4982B00CFE76F /* DashHomeVC.swift */,
			);
			path = Dashboard;
			sourceTree = "<group>";
		};
		F06403B620CDAE1600A7FE72 /* My Workouts */ = {
			isa = PBXGroup;
			children = (
				F06403BA20CDB28600A7FE72 /* MyWorkouts */,
			);
			path = "My Workouts";
			sourceTree = "<group>";
		};
		F06403BA20CDB28600A7FE72 /* MyWorkouts */ = {
			isa = PBXGroup;
			children = (
				F06403B720CDAE6000A7FE72 /* MyWorkoutsVC.swift */,
				F06403BB20CDB2C000A7FE72 /* MyPreviousWorkoutsCell.swift */,
				F0535CCA20E069BB0016DC81 /* WorkoutExercisesVC.swift */,
				F0D0415E20F1AABB00465505 /* CurrentExercise */,
				F0535CD020E0719C0016DC81 /* UItableView+GetWorkouts.swift */,
				F0535CD320E082DE0016DC81 /* UItableView+GetWorkoutExercises.swift */,
				F0535CD520E084460016DC81 /* WorkoutExercisesCell.swift */,
			);
			path = MyWorkouts;
			sourceTree = "<group>";
		};
		F0917E1D20BBB85900641C04 /* All Exercises List */ = {
			isa = PBXGroup;
			children = (
				F094BEC320AE0B3200D158AA /* AllExercisesVC.swift */,
				F0917E1B20BBB54900641C04 /* AllExercisesTableViewCell.swift */,
				F0AC128320E1BE3F00E0B57B /* UITable+GetList+GetAllList.swift */,
			);
			path = "All Exercises List";
			sourceTree = "<group>";
		};
		F094BEBE20AC8AA100D158AA /* My Exercises */ = {
			isa = PBXGroup;
			children = (
				F0F0C71D2127434D00113F66 /* ExerciseDetails */,
				F094BEC120AC8DA100D158AA /* AddExcerciseVC.swift */,
				F0917E1D20BBB85900641C04 /* All Exercises List */,
			);
			path = "My Exercises";
			sourceTree = "<group>";
		};
		F0CBB7B320AB4D23001643C4 = {
			isa = PBXGroup;
			children = (
				F0CBB7BE20AB4D23001643C4 /* Mikro Trainer */,
				F0CBB7D320AB4D25001643C4 /* Mikro TrainerTests */,
				F0CBB7DE20AB4D25001643C4 /* Mikro TrainerUITests */,
				F0CBB7BD20AB4D23001643C4 /* Products */,
				8A131D16CAF9A8238A6C7033 /* Pods */,
				AA33BCBDB8136F0E801652C5 /* Frameworks */,
			);
			sourceTree = "<group>";
		};
		F0CBB7BD20AB4D23001643C4 /* Products */ = {
			isa = PBXGroup;
			children = (
				F0CBB7BC20AB4D23001643C4 /* Mikro Trainer.app */,
				F0CBB7D020AB4D25001643C4 /* Mikro TrainerTests.xctest */,
				F0CBB7DB20AB4D25001643C4 /* Mikro TrainerUITests.xctest */,
			);
			name = Products;
			sourceTree = "<group>";
		};
		F0CBB7BE20AB4D23001643C4 /* Mikro Trainer */ = {
			isa = PBXGroup;
			children = (
				F046A25621D49A5A00CFE76F /* Mikro Trainer.entitlements */,
				F0CBB7BF20AB4D23001643C4 /* AppDelegate.swift */,
				F020637720AB5C4000CAE33F /* Menu */,
				F06403B620CDAE1600A7FE72 /* My Workouts */,
				F020637220AB56E300CAE33F /* Login */,
				F020637A20AB785200CAE33F /* Personal Info */,
				F094BEBE20AC8AA100D158AA /* My Exercises */,
				F046A25021D4954500CFE76F /* Calendar */,
				F046A25321D4980200CFE76F /* Dashboard */,
				F0CBB7C620AB4D24001643C4 /* Assets.xcassets */,
				F0CBB7C820AB4D24001643C4 /* LaunchScreen.storyboard */,
				F0CBB7CB20AB4D24001643C4 /* Info.plist */,
				F0CBB7ED20AB518D001643C4 /* GoogleService-Info.plist */,
			);
			path = "Mikro Trainer";
			sourceTree = "<group>";
		};
		F0CBB7D320AB4D25001643C4 /* Mikro TrainerTests */ = {
			isa = PBXGroup;
			children = (
				F0CBB7D420AB4D25001643C4 /* Mikro_TrainerTests.swift */,
				F0CBB7D620AB4D25001643C4 /* Info.plist */,
			);
			path = "Mikro TrainerTests";
			sourceTree = "<group>";
		};
		F0CBB7DE20AB4D25001643C4 /* Mikro TrainerUITests */ = {
			isa = PBXGroup;
			children = (
				F0CBB7DF20AB4D25001643C4 /* Mikro_TrainerUITests.swift */,
				F0CBB7E120AB4D25001643C4 /* Info.plist */,
			);
			path = "Mikro TrainerUITests";
			sourceTree = "<group>";
		};
		F0D0415E20F1AABB00465505 /* CurrentExercise */ = {
			isa = PBXGroup;
			children = (
				F0D0415F20F1AB0F00465505 /* CurrentExerciseVC.swift */,
				F0A558DB20FB92E0001CF59A /* ExerciseInfo+MyExerciseData.swift */,
				F0A558DD20FB9C89001CF59A /* WIPExerciseCell.swift */,
				F0A558DF210E5A3C001CF59A /* +GetRecentExerciseInfo.swift */,
			);
			path = CurrentExercise;
			sourceTree = "<group>";
		};
		F0F0C71D2127434D00113F66 /* ExerciseDetails */ = {
			isa = PBXGroup;
			children = (
				F0F0C71E2127437100113F66 /* DetailsVC.swift */,
				F0B3D2C021D042080038D005 /* +getExerciseData.swift */,
			);
			path = ExerciseDetails;
			sourceTree = "<group>";
		};
/* End PBXGroup section */

/* Begin PBXNativeTarget section */
		F0CBB7BB20AB4D23001643C4 /* Mikro Trainer */ = {
			isa = PBXNativeTarget;
			buildConfigurationList = F0CBB7E420AB4D25001643C4 /* Build configuration list for PBXNativeTarget "Mikro Trainer" */;
			buildPhases = (
				4469245586F6275B2D29AA2B /* [CP] Check Pods Manifest.lock */,
				F0CBB7B820AB4D23001643C4 /* Sources */,
				F0CBB7B920AB4D23001643C4 /* Frameworks */,
				F0CBB7BA20AB4D23001643C4 /* Resources */,
				BDA1A06D658C24A0F60A66CC /* [CP] Embed Pods Frameworks */,
			);
			buildRules = (
			);
			dependencies = (
			);
			name = "Mikro Trainer";
			productName = "Mikro Trainer";
			productReference = F0CBB7BC20AB4D23001643C4 /* Mikro Trainer.app */;
			productType = "com.apple.product-type.application";
		};
		F0CBB7CF20AB4D25001643C4 /* Mikro TrainerTests */ = {
			isa = PBXNativeTarget;
			buildConfigurationList = F0CBB7E720AB4D25001643C4 /* Build configuration list for PBXNativeTarget "Mikro TrainerTests" */;
			buildPhases = (
				16D769DC937BE62F1EE7FDBB /* [CP] Check Pods Manifest.lock */,
				F0CBB7CC20AB4D25001643C4 /* Sources */,
				F0CBB7CD20AB4D25001643C4 /* Frameworks */,
				F0CBB7CE20AB4D25001643C4 /* Resources */,
			);
			buildRules = (
			);
			dependencies = (
				F0CBB7D220AB4D25001643C4 /* PBXTargetDependency */,
			);
			name = "Mikro TrainerTests";
			productName = "Mikro TrainerTests";
			productReference = F0CBB7D020AB4D25001643C4 /* Mikro TrainerTests.xctest */;
			productType = "com.apple.product-type.bundle.unit-test";
		};
		F0CBB7DA20AB4D25001643C4 /* Mikro TrainerUITests */ = {
			isa = PBXNativeTarget;
			buildConfigurationList = F0CBB7EA20AB4D25001643C4 /* Build configuration list for PBXNativeTarget "Mikro TrainerUITests" */;
			buildPhases = (
				0B75867C6DAC0F47A42B8887 /* [CP] Check Pods Manifest.lock */,
				F0CBB7D720AB4D25001643C4 /* Sources */,
				F0CBB7D820AB4D25001643C4 /* Frameworks */,
				F0CBB7D920AB4D25001643C4 /* Resources */,
			);
			buildRules = (
			);
			dependencies = (
				F0CBB7DD20AB4D25001643C4 /* PBXTargetDependency */,
			);
			name = "Mikro TrainerUITests";
			productName = "Mikro TrainerUITests";
			productReference = F0CBB7DB20AB4D25001643C4 /* Mikro TrainerUITests.xctest */;
			productType = "com.apple.product-type.bundle.ui-testing";
		};
/* End PBXNativeTarget section */

/* Begin PBXProject section */
		F0CBB7B420AB4D23001643C4 /* Project object */ = {
			isa = PBXProject;
			attributes = {
				LastSwiftUpdateCheck = 0930;
				LastUpgradeCheck = 0930;
				ORGANIZATIONNAME = "Michael Gutkind";
				TargetAttributes = {
					F0CBB7BB20AB4D23001643C4 = {
						CreatedOnToolsVersion = 9.3.1;
						LastSwiftMigration = 1000;
						SystemCapabilities = {
							com.apple.HealthKit = {
								enabled = 1;
							};
							com.apple.Keychain = {
								enabled = 1;
							};
						};
					};
					F0CBB7CF20AB4D25001643C4 = {
						CreatedOnToolsVersion = 9.3.1;
						LastSwiftMigration = 1000;
						TestTargetID = F0CBB7BB20AB4D23001643C4;
					};
					F0CBB7DA20AB4D25001643C4 = {
						CreatedOnToolsVersion = 9.3.1;
						LastSwiftMigration = 1000;
						TestTargetID = F0CBB7BB20AB4D23001643C4;
					};
				};
			};
			buildConfigurationList = F0CBB7B720AB4D23001643C4 /* Build configuration list for PBXProject "Mikro Trainer" */;
			compatibilityVersion = "Xcode 9.3";
			developmentRegion = en;
			hasScannedForEncodings = 0;
			knownRegions = (
				en,
				Base,
			);
			mainGroup = F0CBB7B320AB4D23001643C4;
			productRefGroup = F0CBB7BD20AB4D23001643C4 /* Products */;
			projectDirPath = "";
			projectRoot = "";
			targets = (
				F0CBB7BB20AB4D23001643C4 /* Mikro Trainer */,
				F0CBB7CF20AB4D25001643C4 /* Mikro TrainerTests */,
				F0CBB7DA20AB4D25001643C4 /* Mikro TrainerUITests */,
			);
		};
/* End PBXProject section */

/* Begin PBXResourcesBuildPhase section */
		F0CBB7BA20AB4D23001643C4 /* Resources */ = {
			isa = PBXResourcesBuildPhase;
			buildActionMask = 2147483647;
			files = (
				F0CBB7CA20AB4D24001643C4 /* LaunchScreen.storyboard in Resources */,
				F0CBB7EE20AB518D001643C4 /* GoogleService-Info.plist in Resources */,
				F0CBB7C720AB4D24001643C4 /* Assets.xcassets in Resources */,
				F0CBB7C520AB4D23001643C4 /* Main.storyboard in Resources */,
			);
			runOnlyForDeploymentPostprocessing = 0;
		};
		F0CBB7CE20AB4D25001643C4 /* Resources */ = {
			isa = PBXResourcesBuildPhase;
			buildActionMask = 2147483647;
			files = (
			);
			runOnlyForDeploymentPostprocessing = 0;
		};
		F0CBB7D920AB4D25001643C4 /* Resources */ = {
			isa = PBXResourcesBuildPhase;
			buildActionMask = 2147483647;
			files = (
			);
			runOnlyForDeploymentPostprocessing = 0;
		};
/* End PBXResourcesBuildPhase section */

/* Begin PBXShellScriptBuildPhase section */
		0B75867C6DAC0F47A42B8887 /* [CP] Check Pods Manifest.lock */ = {
			isa = PBXShellScriptBuildPhase;
			buildActionMask = 2147483647;
			files = (
			);
			inputPaths = (
				"${PODS_PODFILE_DIR_PATH}/Podfile.lock",
				"${PODS_ROOT}/Manifest.lock",
			);
			name = "[CP] Check Pods Manifest.lock";
			outputPaths = (
				"$(DERIVED_FILE_DIR)/Pods-Mikro TrainerUITests-checkManifestLockResult.txt",
			);
			runOnlyForDeploymentPostprocessing = 0;
			shellPath = /bin/sh;
			shellScript = "diff \"${PODS_PODFILE_DIR_PATH}/Podfile.lock\" \"${PODS_ROOT}/Manifest.lock\" > /dev/null\nif [ $? != 0 ] ; then\n    # print error to STDERR\n    echo \"error: The sandbox is not in sync with the Podfile.lock. Run 'pod install' or update your CocoaPods installation.\" >&2\n    exit 1\nfi\n# This output is used by Xcode 'outputs' to avoid re-running this script phase.\necho \"SUCCESS\" > \"${SCRIPT_OUTPUT_FILE_0}\"\n";
			showEnvVarsInLog = 0;
		};
		16D769DC937BE62F1EE7FDBB /* [CP] Check Pods Manifest.lock */ = {
			isa = PBXShellScriptBuildPhase;
			buildActionMask = 2147483647;
			files = (
			);
			inputPaths = (
				"${PODS_PODFILE_DIR_PATH}/Podfile.lock",
				"${PODS_ROOT}/Manifest.lock",
			);
			name = "[CP] Check Pods Manifest.lock";
			outputPaths = (
				"$(DERIVED_FILE_DIR)/Pods-Mikro TrainerTests-checkManifestLockResult.txt",
			);
			runOnlyForDeploymentPostprocessing = 0;
			shellPath = /bin/sh;
			shellScript = "diff \"${PODS_PODFILE_DIR_PATH}/Podfile.lock\" \"${PODS_ROOT}/Manifest.lock\" > /dev/null\nif [ $? != 0 ] ; then\n    # print error to STDERR\n    echo \"error: The sandbox is not in sync with the Podfile.lock. Run 'pod install' or update your CocoaPods installation.\" >&2\n    exit 1\nfi\n# This output is used by Xcode 'outputs' to avoid re-running this script phase.\necho \"SUCCESS\" > \"${SCRIPT_OUTPUT_FILE_0}\"\n";
			showEnvVarsInLog = 0;
		};
		4469245586F6275B2D29AA2B /* [CP] Check Pods Manifest.lock */ = {
			isa = PBXShellScriptBuildPhase;
			buildActionMask = 2147483647;
			files = (
			);
			inputPaths = (
				"${PODS_PODFILE_DIR_PATH}/Podfile.lock",
				"${PODS_ROOT}/Manifest.lock",
			);
			name = "[CP] Check Pods Manifest.lock";
			outputPaths = (
				"$(DERIVED_FILE_DIR)/Pods-Mikro Trainer-checkManifestLockResult.txt",
			);
			runOnlyForDeploymentPostprocessing = 0;
			shellPath = /bin/sh;
			shellScript = "diff \"${PODS_PODFILE_DIR_PATH}/Podfile.lock\" \"${PODS_ROOT}/Manifest.lock\" > /dev/null\nif [ $? != 0 ] ; then\n    # print error to STDERR\n    echo \"error: The sandbox is not in sync with the Podfile.lock. Run 'pod install' or update your CocoaPods installation.\" >&2\n    exit 1\nfi\n# This output is used by Xcode 'outputs' to avoid re-running this script phase.\necho \"SUCCESS\" > \"${SCRIPT_OUTPUT_FILE_0}\"\n";
			showEnvVarsInLog = 0;
		};
		BDA1A06D658C24A0F60A66CC /* [CP] Embed Pods Frameworks */ = {
			isa = PBXShellScriptBuildPhase;
			buildActionMask = 2147483647;
			files = (
			);
			inputPaths = (
				"${SRCROOT}/Pods/Target Support Files/Pods-Mikro Trainer/Pods-Mikro Trainer-frameworks.sh",
				"${BUILT_PRODUCTS_DIR}/GTMSessionFetcher/GTMSessionFetcher.framework",
				"${BUILT_PRODUCTS_DIR}/GoogleToolboxForMac/GoogleToolboxForMac.framework",
				"${BUILT_PRODUCTS_DIR}/leveldb-library/leveldb.framework",
				"${BUILT_PRODUCTS_DIR}/nanopb/nanopb.framework",
			);
			name = "[CP] Embed Pods Frameworks";
			outputPaths = (
				"${TARGET_BUILD_DIR}/${FRAMEWORKS_FOLDER_PATH}/GTMSessionFetcher.framework",
				"${TARGET_BUILD_DIR}/${FRAMEWORKS_FOLDER_PATH}/GoogleToolboxForMac.framework",
				"${TARGET_BUILD_DIR}/${FRAMEWORKS_FOLDER_PATH}/leveldb.framework",
				"${TARGET_BUILD_DIR}/${FRAMEWORKS_FOLDER_PATH}/nanopb.framework",
			);
			runOnlyForDeploymentPostprocessing = 0;
			shellPath = /bin/sh;
			shellScript = "\"${SRCROOT}/Pods/Target Support Files/Pods-Mikro Trainer/Pods-Mikro Trainer-frameworks.sh\"\n";
			showEnvVarsInLog = 0;
		};
/* End PBXShellScriptBuildPhase section */

/* Begin PBXSourcesBuildPhase section */
		F0CBB7B820AB4D23001643C4 /* Sources */ = {
			isa = PBXSourcesBuildPhase;
			buildActionMask = 2147483647;
			files = (
				F06403BC20CDB2C000A7FE72 /* MyPreviousWorkoutsCell.swift in Sources */,
				F0A558DE20FB9C89001CF59A /* WIPExerciseCell.swift in Sources */,
				F0535CD420E082DE0016DC81 /* UItableView+GetWorkoutExercises.swift in Sources */,
				F0A558DC20FB92E0001CF59A /* ExerciseInfo+MyExerciseData.swift in Sources */,
				F0535CCB20E069BB0016DC81 /* WorkoutExercisesVC.swift in Sources */,
				F0CBB7C220AB4D23001643C4 /* MainMenu.swift in Sources */,
				F0A558E0210E5A3C001CF59A /* +GetRecentExerciseInfo.swift in Sources */,
				F020637C20AB788300CAE33F /* PersonalInfoVC.swift in Sources */,
				F0D0416020F1AB0F00465505 /* CurrentExerciseVC.swift in Sources */,
				F0AC128420E1BE3F00E0B57B /* UITable+GetList+GetAllList.swift in Sources */,
				F020637920AB5CA500CAE33F /* NewAccountVC.swift in Sources */,
				F0535CD620E084460016DC81 /* WorkoutExercisesCell.swift in Sources */,
				F0B3D2C121D042080038D005 /* +getExerciseData.swift in Sources */,
				F09E36DE21D5D79700954769 /* steps+distance+floors.swift in Sources */,
				F046A25521D4982B00CFE76F /* DashHomeVC.swift in Sources */,
				F094BEC420AE0B3200D158AA /* AllExercisesVC.swift in Sources */,
				F046A25221D4957C00CFE76F /* CalendarHomeVC.swift in Sources */,
				F06403B820CDAE6000A7FE72 /* MyWorkoutsVC.swift in Sources */,
				F0535CD120E0719C0016DC81 /* UItableView+GetWorkouts.swift in Sources */,
				F0CBB7C020AB4D23001643C4 /* AppDelegate.swift in Sources */,
				F0F0C71F2127437100113F66 /* DetailsVC.swift in Sources */,
				F020637620AB577E00CAE33F /* LoginVC.swift in Sources */,
				F0917E1C20BBB54900641C04 /* AllExercisesTableViewCell.swift in Sources */,
				F094BEC220AC8DA100D158AA /* AddExcerciseVC.swift in Sources */,
				F017D05921509E4A00F9BFB7 /* SettingsVC.swift in Sources */,
			);
			runOnlyForDeploymentPostprocessing = 0;
		};
		F0CBB7CC20AB4D25001643C4 /* Sources */ = {
			isa = PBXSourcesBuildPhase;
			buildActionMask = 2147483647;
			files = (
				F0CBB7D520AB4D25001643C4 /* Mikro_TrainerTests.swift in Sources */,
			);
			runOnlyForDeploymentPostprocessing = 0;
		};
		F0CBB7D720AB4D25001643C4 /* Sources */ = {
			isa = PBXSourcesBuildPhase;
			buildActionMask = 2147483647;
			files = (
				F0CBB7E020AB4D25001643C4 /* Mikro_TrainerUITests.swift in Sources */,
			);
			runOnlyForDeploymentPostprocessing = 0;
		};
/* End PBXSourcesBuildPhase section */

/* Begin PBXTargetDependency section */
		F0CBB7D220AB4D25001643C4 /* PBXTargetDependency */ = {
			isa = PBXTargetDependency;
			target = F0CBB7BB20AB4D23001643C4 /* Mikro Trainer */;
			targetProxy = F0CBB7D120AB4D25001643C4 /* PBXContainerItemProxy */;
		};
		F0CBB7DD20AB4D25001643C4 /* PBXTargetDependency */ = {
			isa = PBXTargetDependency;
			target = F0CBB7BB20AB4D23001643C4 /* Mikro Trainer */;
			targetProxy = F0CBB7DC20AB4D25001643C4 /* PBXContainerItemProxy */;
		};
/* End PBXTargetDependency section */

/* Begin PBXVariantGroup section */
		F0CBB7C320AB4D23001643C4 /* Main.storyboard */ = {
			isa = PBXVariantGroup;
			children = (
				F0CBB7C420AB4D23001643C4 /* Base */,
			);
			name = Main.storyboard;
			sourceTree = "<group>";
		};
		F0CBB7C820AB4D24001643C4 /* LaunchScreen.storyboard */ = {
			isa = PBXVariantGroup;
			children = (
				F0CBB7C920AB4D24001643C4 /* Base */,
			);
			name = LaunchScreen.storyboard;
			sourceTree = "<group>";
		};
/* End PBXVariantGroup section */

/* Begin XCBuildConfiguration section */
		F0CBB7E220AB4D25001643C4 /* Debug */ = {
			isa = XCBuildConfiguration;
			buildSettings = {
				ALWAYS_SEARCH_USER_PATHS = NO;
				CLANG_ANALYZER_NONNULL = YES;
				CLANG_ANALYZER_NUMBER_OBJECT_CONVERSION = YES_AGGRESSIVE;
				CLANG_CXX_LANGUAGE_STANDARD = "gnu++14";
				CLANG_CXX_LIBRARY = "libc++";
				CLANG_ENABLE_MODULES = YES;
				CLANG_ENABLE_OBJC_ARC = YES;
				CLANG_ENABLE_OBJC_WEAK = YES;
				CLANG_WARN_BLOCK_CAPTURE_AUTORELEASING = YES;
				CLANG_WARN_BOOL_CONVERSION = YES;
				CLANG_WARN_COMMA = YES;
				CLANG_WARN_CONSTANT_CONVERSION = YES;
				CLANG_WARN_DEPRECATED_OBJC_IMPLEMENTATIONS = YES;
				CLANG_WARN_DIRECT_OBJC_ISA_USAGE = YES_ERROR;
				CLANG_WARN_DOCUMENTATION_COMMENTS = YES;
				CLANG_WARN_EMPTY_BODY = YES;
				CLANG_WARN_ENUM_CONVERSION = YES;
				CLANG_WARN_INFINITE_RECURSION = YES;
				CLANG_WARN_INT_CONVERSION = YES;
				CLANG_WARN_NON_LITERAL_NULL_CONVERSION = YES;
				CLANG_WARN_OBJC_IMPLICIT_RETAIN_SELF = YES;
				CLANG_WARN_OBJC_LITERAL_CONVERSION = YES;
				CLANG_WARN_OBJC_ROOT_CLASS = YES_ERROR;
				CLANG_WARN_RANGE_LOOP_ANALYSIS = YES;
				CLANG_WARN_STRICT_PROTOTYPES = YES;
				CLANG_WARN_SUSPICIOUS_MOVE = YES;
				CLANG_WARN_UNGUARDED_AVAILABILITY = YES_AGGRESSIVE;
				CLANG_WARN_UNREACHABLE_CODE = YES;
				CLANG_WARN__DUPLICATE_METHOD_MATCH = YES;
				CODE_SIGN_IDENTITY = "iPhone Developer";
				COPY_PHASE_STRIP = NO;
				DEBUG_INFORMATION_FORMAT = dwarf;
				ENABLE_STRICT_OBJC_MSGSEND = YES;
				ENABLE_TESTABILITY = YES;
				GCC_C_LANGUAGE_STANDARD = gnu11;
				GCC_DYNAMIC_NO_PIC = NO;
				GCC_NO_COMMON_BLOCKS = YES;
				GCC_OPTIMIZATION_LEVEL = 0;
				GCC_PREPROCESSOR_DEFINITIONS = (
					"DEBUG=1",
					"$(inherited)",
				);
				GCC_WARN_64_TO_32_BIT_CONVERSION = YES;
				GCC_WARN_ABOUT_RETURN_TYPE = YES_ERROR;
				GCC_WARN_UNDECLARED_SELECTOR = YES;
				GCC_WARN_UNINITIALIZED_AUTOS = YES_AGGRESSIVE;
				GCC_WARN_UNUSED_FUNCTION = YES;
				GCC_WARN_UNUSED_VARIABLE = YES;
				IPHONEOS_DEPLOYMENT_TARGET = 11.3;
				MTL_ENABLE_DEBUG_INFO = YES;
				ONLY_ACTIVE_ARCH = YES;
				SDKROOT = iphoneos;
				SWIFT_ACTIVE_COMPILATION_CONDITIONS = DEBUG;
				SWIFT_OPTIMIZATION_LEVEL = "-Onone";
			};
			name = Debug;
		};
		F0CBB7E320AB4D25001643C4 /* Release */ = {
			isa = XCBuildConfiguration;
			buildSettings = {
				ALWAYS_SEARCH_USER_PATHS = NO;
				CLANG_ANALYZER_NONNULL = YES;
				CLANG_ANALYZER_NUMBER_OBJECT_CONVERSION = YES_AGGRESSIVE;
				CLANG_CXX_LANGUAGE_STANDARD = "gnu++14";
				CLANG_CXX_LIBRARY = "libc++";
				CLANG_ENABLE_MODULES = YES;
				CLANG_ENABLE_OBJC_ARC = YES;
				CLANG_ENABLE_OBJC_WEAK = YES;
				CLANG_WARN_BLOCK_CAPTURE_AUTORELEASING = YES;
				CLANG_WARN_BOOL_CONVERSION = YES;
				CLANG_WARN_COMMA = YES;
				CLANG_WARN_CONSTANT_CONVERSION = YES;
				CLANG_WARN_DEPRECATED_OBJC_IMPLEMENTATIONS = YES;
				CLANG_WARN_DIRECT_OBJC_ISA_USAGE = YES_ERROR;
				CLANG_WARN_DOCUMENTATION_COMMENTS = YES;
				CLANG_WARN_EMPTY_BODY = YES;
				CLANG_WARN_ENUM_CONVERSION = YES;
				CLANG_WARN_INFINITE_RECURSION = YES;
				CLANG_WARN_INT_CONVERSION = YES;
				CLANG_WARN_NON_LITERAL_NULL_CONVERSION = YES;
				CLANG_WARN_OBJC_IMPLICIT_RETAIN_SELF = YES;
				CLANG_WARN_OBJC_LITERAL_CONVERSION = YES;
				CLANG_WARN_OBJC_ROOT_CLASS = YES_ERROR;
				CLANG_WARN_RANGE_LOOP_ANALYSIS = YES;
				CLANG_WARN_STRICT_PROTOTYPES = YES;
				CLANG_WARN_SUSPICIOUS_MOVE = YES;
				CLANG_WARN_UNGUARDED_AVAILABILITY = YES_AGGRESSIVE;
				CLANG_WARN_UNREACHABLE_CODE = YES;
				CLANG_WARN__DUPLICATE_METHOD_MATCH = YES;
				CODE_SIGN_IDENTITY = "iPhone Developer";
				COPY_PHASE_STRIP = NO;
				DEBUG_INFORMATION_FORMAT = "dwarf-with-dsym";
				ENABLE_NS_ASSERTIONS = NO;
				ENABLE_STRICT_OBJC_MSGSEND = YES;
				GCC_C_LANGUAGE_STANDARD = gnu11;
				GCC_NO_COMMON_BLOCKS = YES;
				GCC_WARN_64_TO_32_BIT_CONVERSION = YES;
				GCC_WARN_ABOUT_RETURN_TYPE = YES_ERROR;
				GCC_WARN_UNDECLARED_SELECTOR = YES;
				GCC_WARN_UNINITIALIZED_AUTOS = YES_AGGRESSIVE;
				GCC_WARN_UNUSED_FUNCTION = YES;
				GCC_WARN_UNUSED_VARIABLE = YES;
				IPHONEOS_DEPLOYMENT_TARGET = 11.3;
				MTL_ENABLE_DEBUG_INFO = NO;
				SDKROOT = iphoneos;
				SWIFT_COMPILATION_MODE = wholemodule;
				SWIFT_OPTIMIZATION_LEVEL = "-O";
				VALIDATE_PRODUCT = YES;
			};
			name = Release;
		};
		F0CBB7E520AB4D25001643C4 /* Debug */ = {
			isa = XCBuildConfiguration;
			baseConfigurationReference = D8572D3515E232241A16A885 /* Pods-Mikro Trainer.debug.xcconfig */;
			buildSettings = {
				ASSETCATALOG_COMPILER_APPICON_NAME = AppIcon;
				CODE_SIGN_ENTITLEMENTS = "Mikro Trainer/Mikro Trainer.entitlements";
				CODE_SIGN_STYLE = Automatic;
				DEVELOPMENT_TEAM = 3Q58G553SD;
				INFOPLIST_FILE = "Mikro Trainer/Info.plist";
				LD_RUNPATH_SEARCH_PATHS = (
					"$(inherited)",
					"@executable_path/Frameworks",
				);
				PRODUCT_BUNDLE_IDENTIFIER = "com.mgut.Mikro-Trainer";
				PRODUCT_NAME = "$(TARGET_NAME)";
				SWIFT_VERSION = 4.2;
				TARGETED_DEVICE_FAMILY = "1,2";
			};
			name = Debug;
		};
		F0CBB7E620AB4D25001643C4 /* Release */ = {
			isa = XCBuildConfiguration;
			baseConfigurationReference = A7033F3AE8C7F54162E2223F /* Pods-Mikro Trainer.release.xcconfig */;
			buildSettings = {
				ASSETCATALOG_COMPILER_APPICON_NAME = AppIcon;
				CODE_SIGN_ENTITLEMENTS = "Mikro Trainer/Mikro Trainer.entitlements";
				CODE_SIGN_STYLE = Automatic;
				DEVELOPMENT_TEAM = 3Q58G553SD;
				INFOPLIST_FILE = "Mikro Trainer/Info.plist";
				LD_RUNPATH_SEARCH_PATHS = (
					"$(inherited)",
					"@executable_path/Frameworks",
				);
				PRODUCT_BUNDLE_IDENTIFIER = "com.mgut.Mikro-Trainer";
				PRODUCT_NAME = "$(TARGET_NAME)";
				SWIFT_VERSION = 4.2;
				TARGETED_DEVICE_FAMILY = "1,2";
			};
			name = Release;
		};
		F0CBB7E820AB4D25001643C4 /* Debug */ = {
			isa = XCBuildConfiguration;
			baseConfigurationReference = 665B96D1C722642D9CDF71AF /* Pods-Mikro TrainerTests.debug.xcconfig */;
			buildSettings = {
				ALWAYS_EMBED_SWIFT_STANDARD_LIBRARIES = YES;
				BUNDLE_LOADER = "$(TEST_HOST)";
				CODE_SIGN_STYLE = Automatic;
				DEVELOPMENT_TEAM = 3Q58G553SD;
				INFOPLIST_FILE = "Mikro TrainerTests/Info.plist";
				LD_RUNPATH_SEARCH_PATHS = (
					"$(inherited)",
					"@executable_path/Frameworks",
					"@loader_path/Frameworks",
				);
				PRODUCT_BUNDLE_IDENTIFIER = "com.mgut.Mikro-TrainerTests";
				PRODUCT_NAME = "$(TARGET_NAME)";
				SWIFT_VERSION = 4.2;
				TARGETED_DEVICE_FAMILY = "1,2";
				TEST_HOST = "$(BUILT_PRODUCTS_DIR)/Mikro Trainer.app/Mikro Trainer";
			};
			name = Debug;
		};
		F0CBB7E920AB4D25001643C4 /* Release */ = {
			isa = XCBuildConfiguration;
			baseConfigurationReference = F311AAAF5B1F8EEC51DD0985 /* Pods-Mikro TrainerTests.release.xcconfig */;
			buildSettings = {
				ALWAYS_EMBED_SWIFT_STANDARD_LIBRARIES = YES;
				BUNDLE_LOADER = "$(TEST_HOST)";
				CODE_SIGN_STYLE = Automatic;
				DEVELOPMENT_TEAM = 3Q58G553SD;
				INFOPLIST_FILE = "Mikro TrainerTests/Info.plist";
				LD_RUNPATH_SEARCH_PATHS = (
					"$(inherited)",
					"@executable_path/Frameworks",
					"@loader_path/Frameworks",
				);
				PRODUCT_BUNDLE_IDENTIFIER = "com.mgut.Mikro-TrainerTests";
				PRODUCT_NAME = "$(TARGET_NAME)";
				SWIFT_VERSION = 4.2;
				TARGETED_DEVICE_FAMILY = "1,2";
				TEST_HOST = "$(BUILT_PRODUCTS_DIR)/Mikro Trainer.app/Mikro Trainer";
			};
			name = Release;
		};
		F0CBB7EB20AB4D25001643C4 /* Debug */ = {
			isa = XCBuildConfiguration;
			baseConfigurationReference = 77039746B47DB09FC245D049 /* Pods-Mikro TrainerUITests.debug.xcconfig */;
			buildSettings = {
				ALWAYS_EMBED_SWIFT_STANDARD_LIBRARIES = YES;
				CODE_SIGN_STYLE = Automatic;
				DEVELOPMENT_TEAM = 3Q58G553SD;
				INFOPLIST_FILE = "Mikro TrainerUITests/Info.plist";
				LD_RUNPATH_SEARCH_PATHS = (
					"$(inherited)",
					"@executable_path/Frameworks",
					"@loader_path/Frameworks",
				);
				PRODUCT_BUNDLE_IDENTIFIER = "com.mgut.Mikro-TrainerUITests";
				PRODUCT_NAME = "$(TARGET_NAME)";
				SWIFT_VERSION = 4.2;
				TARGETED_DEVICE_FAMILY = "1,2";
				TEST_TARGET_NAME = "Mikro Trainer";
			};
			name = Debug;
		};
		F0CBB7EC20AB4D25001643C4 /* Release */ = {
			isa = XCBuildConfiguration;
			baseConfigurationReference = CB8C07DB66FCE62D01C3B07A /* Pods-Mikro TrainerUITests.release.xcconfig */;
			buildSettings = {
				ALWAYS_EMBED_SWIFT_STANDARD_LIBRARIES = YES;
				CODE_SIGN_STYLE = Automatic;
				DEVELOPMENT_TEAM = 3Q58G553SD;
				INFOPLIST_FILE = "Mikro TrainerUITests/Info.plist";
				LD_RUNPATH_SEARCH_PATHS = (
					"$(inherited)",
					"@executable_path/Frameworks",
					"@loader_path/Frameworks",
				);
				PRODUCT_BUNDLE_IDENTIFIER = "com.mgut.Mikro-TrainerUITests";
				PRODUCT_NAME = "$(TARGET_NAME)";
				SWIFT_VERSION = 4.2;
				TARGETED_DEVICE_FAMILY = "1,2";
				TEST_TARGET_NAME = "Mikro Trainer";
			};
			name = Release;
		};
/* End XCBuildConfiguration section */

/* Begin XCConfigurationList section */
		F0CBB7B720AB4D23001643C4 /* Build configuration list for PBXProject "Mikro Trainer" */ = {
			isa = XCConfigurationList;
			buildConfigurations = (
				F0CBB7E220AB4D25001643C4 /* Debug */,
				F0CBB7E320AB4D25001643C4 /* Release */,
			);
			defaultConfigurationIsVisible = 0;
			defaultConfigurationName = Release;
		};
		F0CBB7E420AB4D25001643C4 /* Build configuration list for PBXNativeTarget "Mikro Trainer" */ = {
			isa = XCConfigurationList;
			buildConfigurations = (
				F0CBB7E520AB4D25001643C4 /* Debug */,
				F0CBB7E620AB4D25001643C4 /* Release */,
			);
			defaultConfigurationIsVisible = 0;
			defaultConfigurationName = Release;
		};
		F0CBB7E720AB4D25001643C4 /* Build configuration list for PBXNativeTarget "Mikro TrainerTests" */ = {
			isa = XCConfigurationList;
			buildConfigurations = (
				F0CBB7E820AB4D25001643C4 /* Debug */,
				F0CBB7E920AB4D25001643C4 /* Release */,
			);
			defaultConfigurationIsVisible = 0;
			defaultConfigurationName = Release;
		};
		F0CBB7EA20AB4D25001643C4 /* Build configuration list for PBXNativeTarget "Mikro TrainerUITests" */ = {
			isa = XCConfigurationList;
			buildConfigurations = (
				F0CBB7EB20AB4D25001643C4 /* Debug */,
				F0CBB7EC20AB4D25001643C4 /* Release */,
			);
			defaultConfigurationIsVisible = 0;
			defaultConfigurationName = Release;
		};
/* End XCConfigurationList section */
	};
	rootObject = F0CBB7B420AB4D23001643C4 /* Project object */;
}
